// !$*UTF8*$!
{
	archiveVersion = 1;
	classes = {
	};
	objectVersion = 50;
	objects = {

/* Begin PBXBuildFile section */
		26422DDB26165D7E0016E5C4 /* Notifications.swift in Sources */ = {isa = PBXBuildFile; fileRef = 26422DDA26165D7E0016E5C4 /* Notifications.swift */; };
		26422DEB261683AA0016E5C4 /* CurrencyDataModel.xcdatamodeld in Sources */ = {isa = PBXBuildFile; fileRef = 26422DE9261683A90016E5C4 /* CurrencyDataModel.xcdatamodeld */; };
		2675AD76260D6347000360AA /* AppDelegate.swift in Sources */ = {isa = PBXBuildFile; fileRef = 2675AD75260D6347000360AA /* AppDelegate.swift */; };
		2675AD78260D6347000360AA /* SceneDelegate.swift in Sources */ = {isa = PBXBuildFile; fileRef = 2675AD77260D6347000360AA /* SceneDelegate.swift */; };
		2675AD7D260D6347000360AA /* Main.storyboard in Resources */ = {isa = PBXBuildFile; fileRef = 2675AD7B260D6347000360AA /* Main.storyboard */; };
		2675AD7F260D634A000360AA /* Assets.xcassets in Resources */ = {isa = PBXBuildFile; fileRef = 2675AD7E260D634A000360AA /* Assets.xcassets */; };
		2675AD82260D634A000360AA /* LaunchScreen.storyboard in Resources */ = {isa = PBXBuildFile; fileRef = 2675AD80260D634A000360AA /* LaunchScreen.storyboard */; };
		26BAB1BC26104433003376B3 /* CurrencyExchangeManager.swift in Sources */ = {isa = PBXBuildFile; fileRef = 26BAB1BB26104433003376B3 /* CurrencyExchangeManager.swift */; };
		26BAB1BF2610454D003376B3 /* ExchangeRateData.swift in Sources */ = {isa = PBXBuildFile; fileRef = 26BAB1BE2610454D003376B3 /* ExchangeRateData.swift */; };
		26BAB1C726111F29003376B3 /* SelectionCellModel.swift in Sources */ = {isa = PBXBuildFile; fileRef = 26BAB1C626111F29003376B3 /* SelectionCellModel.swift */; };
		26BAB1D72613D030003376B3 /* CurrencyViewModel.swift in Sources */ = {isa = PBXBuildFile; fileRef = 26BAB1D62613D030003376B3 /* CurrencyViewModel.swift */; };
		26BAB1DF2613E55D003376B3 /* ChangeFavoritesViewController.swift in Sources */ = {isa = PBXBuildFile; fileRef = 26BAB1DE2613E55D003376B3 /* ChangeFavoritesViewController.swift */; };
		26BAB1E22613E9D8003376B3 /* CurrencyListCell.xib in Resources */ = {isa = PBXBuildFile; fileRef = 26BAB1E12613E9D8003376B3 /* CurrencyListCell.xib */; };
		26BAB1E52613F1A7003376B3 /* CurrencyListCell.swift in Sources */ = {isa = PBXBuildFile; fileRef = 26BAB1E42613F1A7003376B3 /* CurrencyListCell.swift */; };
		26DB47152616A62800EEAC82 /* PreLoadedCurrencyData.plist in Resources */ = {isa = PBXBuildFile; fileRef = 26DB47142616A62800EEAC82 /* PreLoadedCurrencyData.plist */; };
		26DD70B72615900F00818946 /* Currencies.swift in Sources */ = {isa = PBXBuildFile; fileRef = 26DD70B62615900F00818946 /* Currencies.swift */; };
		26FB1843260FBBB500BA1F7F /* RootViewController.swift in Sources */ = {isa = PBXBuildFile; fileRef = 26FB1842260FBBB500BA1F7F /* RootViewController.swift */; };
/* End PBXBuildFile section */

/* Begin PBXFileReference section */
		26422DDA26165D7E0016E5C4 /* Notifications.swift */ = {isa = PBXFileReference; lastKnownFileType = sourcecode.swift; path = Notifications.swift; sourceTree = "<group>"; };
		26422DEA261683A90016E5C4 /* CurrencyDataModel.xcdatamodel */ = {isa = PBXFileReference; lastKnownFileType = wrapper.xcdatamodel; path = CurrencyDataModel.xcdatamodel; sourceTree = "<group>"; };
		2675AD72260D6347000360AA /* CurrencyConverter.app */ = {isa = PBXFileReference; explicitFileType = wrapper.application; includeInIndex = 0; path = CurrencyConverter.app; sourceTree = BUILT_PRODUCTS_DIR; };
		2675AD75260D6347000360AA /* AppDelegate.swift */ = {isa = PBXFileReference; lastKnownFileType = sourcecode.swift; path = AppDelegate.swift; sourceTree = "<group>"; };
		2675AD77260D6347000360AA /* SceneDelegate.swift */ = {isa = PBXFileReference; lastKnownFileType = sourcecode.swift; path = SceneDelegate.swift; sourceTree = "<group>"; };
		2675AD7C260D6347000360AA /* Base */ = {isa = PBXFileReference; lastKnownFileType = file.storyboard; name = Base; path = Base.lproj/Main.storyboard; sourceTree = "<group>"; };
		2675AD7E260D634A000360AA /* Assets.xcassets */ = {isa = PBXFileReference; lastKnownFileType = folder.assetcatalog; path = Assets.xcassets; sourceTree = "<group>"; };
		2675AD81260D634A000360AA /* Base */ = {isa = PBXFileReference; lastKnownFileType = file.storyboard; name = Base; path = Base.lproj/LaunchScreen.storyboard; sourceTree = "<group>"; };
		2675AD83260D634A000360AA /* Info.plist */ = {isa = PBXFileReference; lastKnownFileType = text.plist.xml; path = Info.plist; sourceTree = "<group>"; };
		26BAB1BB26104433003376B3 /* CurrencyExchangeManager.swift */ = {isa = PBXFileReference; lastKnownFileType = sourcecode.swift; path = CurrencyExchangeManager.swift; sourceTree = "<group>"; };
		26BAB1BE2610454D003376B3 /* ExchangeRateData.swift */ = {isa = PBXFileReference; lastKnownFileType = sourcecode.swift; path = ExchangeRateData.swift; sourceTree = "<group>"; };
		26BAB1C626111F29003376B3 /* SelectionCellModel.swift */ = {isa = PBXFileReference; lastKnownFileType = sourcecode.swift; path = SelectionCellModel.swift; sourceTree = "<group>"; };
		26BAB1D62613D030003376B3 /* CurrencyViewModel.swift */ = {isa = PBXFileReference; lastKnownFileType = sourcecode.swift; path = CurrencyViewModel.swift; sourceTree = "<group>"; };
		26BAB1DE2613E55D003376B3 /* ChangeFavoritesViewController.swift */ = {isa = PBXFileReference; lastKnownFileType = sourcecode.swift; path = ChangeFavoritesViewController.swift; sourceTree = "<group>"; };
		26BAB1E12613E9D8003376B3 /* CurrencyListCell.xib */ = {isa = PBXFileReference; lastKnownFileType = file.xib; path = CurrencyListCell.xib; sourceTree = "<group>"; };
		26BAB1E42613F1A7003376B3 /* CurrencyListCell.swift */ = {isa = PBXFileReference; lastKnownFileType = sourcecode.swift; path = CurrencyListCell.swift; sourceTree = "<group>"; };
		26DB47142616A62800EEAC82 /* PreLoadedCurrencyData.plist */ = {isa = PBXFileReference; lastKnownFileType = text.plist.xml; path = PreLoadedCurrencyData.plist; sourceTree = "<group>"; };
		26DD70B62615900F00818946 /* Currencies.swift */ = {isa = PBXFileReference; lastKnownFileType = sourcecode.swift; path = Currencies.swift; sourceTree = "<group>"; };
		26FB1842260FBBB500BA1F7F /* RootViewController.swift */ = {isa = PBXFileReference; lastKnownFileType = sourcecode.swift; path = RootViewController.swift; sourceTree = "<group>"; };
/* End PBXFileReference section */

/* Begin PBXFrameworksBuildPhase section */
		2675AD6F260D6347000360AA /* Frameworks */ = {
			isa = PBXFrameworksBuildPhase;
			buildActionMask = 2147483647;
			files = (
			);
			runOnlyForDeploymentPostprocessing = 0;
		};
/* End PBXFrameworksBuildPhase section */

/* Begin PBXGroup section */
		2675AD69260D6347000360AA = {
			isa = PBXGroup;
			children = (
				2675AD74260D6347000360AA /* CurrencyConverter */,
				2675AD73260D6347000360AA /* Products */,
			);
			sourceTree = "<group>";
		};
		2675AD73260D6347000360AA /* Products */ = {
			isa = PBXGroup;
			children = (
				2675AD72260D6347000360AA /* CurrencyConverter.app */,
			);
			name = Products;
			sourceTree = "<group>";
		};
		2675AD74260D6347000360AA /* CurrencyConverter */ = {
			isa = PBXGroup;
			children = (
				2675AD75260D6347000360AA /* AppDelegate.swift */,
				2675AD77260D6347000360AA /* SceneDelegate.swift */,
				2675AD89260D637E000360AA /* Model */,
				2675AD8A260D638A000360AA /* View */,
				2675AD8B260D638F000360AA /* Controller */,
				2675AD7E260D634A000360AA /* Assets.xcassets */,
				2675AD80260D634A000360AA /* LaunchScreen.storyboard */,
				2675AD83260D634A000360AA /* Info.plist */,
				26422DDA26165D7E0016E5C4 /* Notifications.swift */,
				26422DE9261683A90016E5C4 /* CurrencyDataModel.xcdatamodeld */,
				26DB47142616A62800EEAC82 /* PreLoadedCurrencyData.plist */,
			);
			path = CurrencyConverter;
			sourceTree = "<group>";
		};
		2675AD89260D637E000360AA /* Model */ = {
			isa = PBXGroup;
			children = (
				26BAB1D62613D030003376B3 /* CurrencyViewModel.swift */,
				26BAB1C626111F29003376B3 /* SelectionCellModel.swift */,
				26BAB1BB26104433003376B3 /* CurrencyExchangeManager.swift */,
				26BAB1BE2610454D003376B3 /* ExchangeRateData.swift */,
				26DD70B62615900F00818946 /* Currencies.swift */,
			);
			path = Model;
			sourceTree = "<group>";
		};
		2675AD8A260D638A000360AA /* View */ = {
			isa = PBXGroup;
			children = (
				26BAB1E42613F1A7003376B3 /* CurrencyListCell.swift */,
				2675AD7B260D6347000360AA /* Main.storyboard */,
				26BAB1E12613E9D8003376B3 /* CurrencyListCell.xib */,
			);
			path = View;
			sourceTree = "<group>";
		};
		2675AD8B260D638F000360AA /* Controller */ = {
			isa = PBXGroup;
			children = (
				26FB1842260FBBB500BA1F7F /* RootViewController.swift */,
				26BAB1DE2613E55D003376B3 /* ChangeFavoritesViewController.swift */,
			);
			path = Controller;
			sourceTree = "<group>";
		};
/* End PBXGroup section */

/* Begin PBXNativeTarget section */
		2675AD71260D6347000360AA /* CurrencyConverter */ = {
			isa = PBXNativeTarget;
			buildConfigurationList = 2675AD86260D634A000360AA /* Build configuration list for PBXNativeTarget "CurrencyConverter" */;
			buildPhases = (
				2675AD6E260D6347000360AA /* Sources */,
				2675AD6F260D6347000360AA /* Frameworks */,
				2675AD70260D6347000360AA /* Resources */,
			);
			buildRules = (
			);
			dependencies = (
			);
			name = CurrencyConverter;
			productName = CurrencyConverter;
			productReference = 2675AD72260D6347000360AA /* CurrencyConverter.app */;
			productType = "com.apple.product-type.application";
		};
/* End PBXNativeTarget section */

/* Begin PBXProject section */
		2675AD6A260D6347000360AA /* Project object */ = {
			isa = PBXProject;
			attributes = {
				LastSwiftUpdateCheck = 1170;
				LastUpgradeCheck = 1170;
				ORGANIZATIONNAME = "Tim Neal";
				TargetAttributes = {
					2675AD71260D6347000360AA = {
						CreatedOnToolsVersion = 11.7;
					};
				};
			};
			buildConfigurationList = 2675AD6D260D6347000360AA /* Build configuration list for PBXProject "CurrencyConverter" */;
			compatibilityVersion = "Xcode 9.3";
			developmentRegion = en;
			hasScannedForEncodings = 0;
			knownRegions = (
				en,
				Base,
			);
			mainGroup = 2675AD69260D6347000360AA;
			productRefGroup = 2675AD73260D6347000360AA /* Products */;
			projectDirPath = "";
			projectRoot = "";
			targets = (
				2675AD71260D6347000360AA /* CurrencyConverter */,
			);
		};
/* End PBXProject section */

/* Begin PBXResourcesBuildPhase section */
		2675AD70260D6347000360AA /* Resources */ = {
			isa = PBXResourcesBuildPhase;
			buildActionMask = 2147483647;
			files = (
				26BAB1E22613E9D8003376B3 /* CurrencyListCell.xib in Resources */,
				2675AD82260D634A000360AA /* LaunchScreen.storyboard in Resources */,
				2675AD7F260D634A000360AA /* Assets.xcassets in Resources */,
				26DB47152616A62800EEAC82 /* PreLoadedCurrencyData.plist in Resources */,
				2675AD7D260D6347000360AA /* Main.storyboard in Resources */,
			);
			runOnlyForDeploymentPostprocessing = 0;
		};
/* End PBXResourcesBuildPhase section */

/* Begin PBXSourcesBuildPhase section */
		2675AD6E260D6347000360AA /* Sources */ = {
			isa = PBXSourcesBuildPhase;
			buildActionMask = 2147483647;
			files = (
				26BAB1DF2613E55D003376B3 /* ChangeFavoritesViewController.swift in Sources */,
				26BAB1E52613F1A7003376B3 /* CurrencyListCell.swift in Sources */,
				26422DDB26165D7E0016E5C4 /* Notifications.swift in Sources */,
				26BAB1D72613D030003376B3 /* CurrencyViewModel.swift in Sources */,
				26BAB1BF2610454D003376B3 /* ExchangeRateData.swift in Sources */,
				26DD70B72615900F00818946 /* Currencies.swift in Sources */,
				26BAB1BC26104433003376B3 /* CurrencyExchangeManager.swift in Sources */,
				26BAB1C726111F29003376B3 /* SelectionCellModel.swift in Sources */,
				26422DEB261683AA0016E5C4 /* CurrencyDataModel.xcdatamodeld in Sources */,
				2675AD76260D6347000360AA /* AppDelegate.swift in Sources */,
				26FB1843260FBBB500BA1F7F /* RootViewController.swift in Sources */,
				2675AD78260D6347000360AA /* SceneDelegate.swift in Sources */,
			);
			runOnlyForDeploymentPostprocessing = 0;
		};
/* End PBXSourcesBuildPhase section */

/* Begin PBXVariantGroup section */
		2675AD7B260D6347000360AA /* Main.storyboard */ = {
			isa = PBXVariantGroup;
			children = (
				2675AD7C260D6347000360AA /* Base */,
			);
			name = Main.storyboard;
			sourceTree = "<group>";
		};
		2675AD80260D634A000360AA /* LaunchScreen.storyboard */ = {
			isa = PBXVariantGroup;
			children = (
				2675AD81260D634A000360AA /* Base */,
			);
			name = LaunchScreen.storyboard;
			sourceTree = "<group>";
		};
/* End PBXVariantGroup section */

/* Begin XCBuildConfiguration section */
		2675AD84260D634A000360AA /* Debug */ = {
			isa = XCBuildConfiguration;
			buildSettings = {
				ALWAYS_SEARCH_USER_PATHS = NO;
				CLANG_ANALYZER_NONNULL = YES;
				CLANG_ANALYZER_NUMBER_OBJECT_CONVERSION = YES_AGGRESSIVE;
				CLANG_CXX_LANGUAGE_STANDARD = "gnu++14";
				CLANG_CXX_LIBRARY = "libc++";
				CLANG_ENABLE_MODULES = YES;
				CLANG_ENABLE_OBJC_ARC = YES;
				CLANG_ENABLE_OBJC_WEAK = YES;
				CLANG_WARN_BLOCK_CAPTURE_AUTORELEASING = YES;
				CLANG_WARN_BOOL_CONVERSION = YES;
				CLANG_WARN_COMMA = YES;
				CLANG_WARN_CONSTANT_CONVERSION = YES;
				CLANG_WARN_DEPRECATED_OBJC_IMPLEMENTATIONS = YES;
				CLANG_WARN_DIRECT_OBJC_ISA_USAGE = YES_ERROR;
				CLANG_WARN_DOCUMENTATION_COMMENTS = YES;
				CLANG_WARN_EMPTY_BODY = YES;
				CLANG_WARN_ENUM_CONVERSION = YES;
				CLANG_WARN_INFINITE_RECURSION = YES;
				CLANG_WARN_INT_CONVERSION = YES;
				CLANG_WARN_NON_LITERAL_NULL_CONVERSION = YES;
				CLANG_WARN_OBJC_IMPLICIT_RETAIN_SELF = YES;
				CLANG_WARN_OBJC_LITERAL_CONVERSION = YES;
				CLANG_WARN_OBJC_ROOT_CLASS = YES_ERROR;
				CLANG_WARN_RANGE_LOOP_ANALYSIS = YES;
				CLANG_WARN_STRICT_PROTOTYPES = YES;
				CLANG_WARN_SUSPICIOUS_MOVE = YES;
				CLANG_WARN_UNGUARDED_AVAILABILITY = YES_AGGRESSIVE;
				CLANG_WARN_UNREACHABLE_CODE = YES;
				CLANG_WARN__DUPLICATE_METHOD_MATCH = YES;
				COPY_PHASE_STRIP = NO;
				DEBUG_INFORMATION_FORMAT = dwarf;
				ENABLE_STRICT_OBJC_MSGSEND = YES;
				ENABLE_TESTABILITY = YES;
				GCC_C_LANGUAGE_STANDARD = gnu11;
				GCC_DYNAMIC_NO_PIC = NO;
				GCC_NO_COMMON_BLOCKS = YES;
				GCC_OPTIMIZATION_LEVEL = 0;
				GCC_PREPROCESSOR_DEFINITIONS = (
					"DEBUG=1",
					"$(inherited)",
				);
				GCC_WARN_64_TO_32_BIT_CONVERSION = YES;
				GCC_WARN_ABOUT_RETURN_TYPE = YES_ERROR;
				GCC_WARN_UNDECLARED_SELECTOR = YES;
				GCC_WARN_UNINITIALIZED_AUTOS = YES_AGGRESSIVE;
				GCC_WARN_UNUSED_FUNCTION = YES;
				GCC_WARN_UNUSED_VARIABLE = YES;
				IPHONEOS_DEPLOYMENT_TARGET = 13.7;
				MTL_ENABLE_DEBUG_INFO = INCLUDE_SOURCE;
				MTL_FAST_MATH = YES;
				ONLY_ACTIVE_ARCH = YES;
				SDKROOT = iphoneos;
				SWIFT_ACTIVE_COMPILATION_CONDITIONS = DEBUG;
				SWIFT_OPTIMIZATION_LEVEL = "-Onone";
			};
			name = Debug;
		};
		2675AD85260D634A000360AA /* Release */ = {
			isa = XCBuildConfiguration;
			buildSettings = {
				ALWAYS_SEARCH_USER_PATHS = NO;
				CLANG_ANALYZER_NONNULL = YES;
				CLANG_ANALYZER_NUMBER_OBJECT_CONVERSION = YES_AGGRESSIVE;
				CLANG_CXX_LANGUAGE_STANDARD = "gnu++14";
				CLANG_CXX_LIBRARY = "libc++";
				CLANG_ENABLE_MODULES = YES;
				CLANG_ENABLE_OBJC_ARC = YES;
				CLANG_ENABLE_OBJC_WEAK = YES;
				CLANG_WARN_BLOCK_CAPTURE_AUTORELEASING = YES;
				CLANG_WARN_BOOL_CONVERSION = YES;
				CLANG_WARN_COMMA = YES;
				CLANG_WARN_CONSTANT_CONVERSION = YES;
				CLANG_WARN_DEPRECATED_OBJC_IMPLEMENTATIONS = YES;
				CLANG_WARN_DIRECT_OBJC_ISA_USAGE = YES_ERROR;
				CLANG_WARN_DOCUMENTATION_COMMENTS = YES;
				CLANG_WARN_EMPTY_BODY = YES;
				CLANG_WARN_ENUM_CONVERSION = YES;
				CLANG_WARN_INFINITE_RECURSION = YES;
				CLANG_WARN_INT_CONVERSION = YES;
				CLANG_WARN_NON_LITERAL_NULL_CONVERSION = YES;
				CLANG_WARN_OBJC_IMPLICIT_RETAIN_SELF = YES;
				CLANG_WARN_OBJC_LITERAL_CONVERSION = YES;
				CLANG_WARN_OBJC_ROOT_CLASS = YES_ERROR;
				CLANG_WARN_RANGE_LOOP_ANALYSIS = YES;
				CLANG_WARN_STRICT_PROTOTYPES = YES;
				CLANG_WARN_SUSPICIOUS_MOVE = YES;
				CLANG_WARN_UNGUARDED_AVAILABILITY = YES_AGGRESSIVE;
				CLANG_WARN_UNREACHABLE_CODE = YES;
				CLANG_WARN__DUPLICATE_METHOD_MATCH = YES;
				COPY_PHASE_STRIP = NO;
				DEBUG_INFORMATION_FORMAT = "dwarf-with-dsym";
				ENABLE_NS_ASSERTIONS = NO;
				ENABLE_STRICT_OBJC_MSGSEND = YES;
				GCC_C_LANGUAGE_STANDARD = gnu11;
				GCC_NO_COMMON_BLOCKS = YES;
				GCC_WARN_64_TO_32_BIT_CONVERSION = YES;
				GCC_WARN_ABOUT_RETURN_TYPE = YES_ERROR;
				GCC_WARN_UNDECLARED_SELECTOR = YES;
				GCC_WARN_UNINITIALIZED_AUTOS = YES_AGGRESSIVE;
				GCC_WARN_UNUSED_FUNCTION = YES;
				GCC_WARN_UNUSED_VARIABLE = YES;
				IPHONEOS_DEPLOYMENT_TARGET = 13.7;
				MTL_ENABLE_DEBUG_INFO = NO;
				MTL_FAST_MATH = YES;
				SDKROOT = iphoneos;
				SWIFT_COMPILATION_MODE = wholemodule;
				SWIFT_OPTIMIZATION_LEVEL = "-O";
				VALIDATE_PRODUCT = YES;
			};
			name = Release;
		};
		2675AD87260D634A000360AA /* Debug */ = {
			isa = XCBuildConfiguration;
			buildSettings = {
				ASSETCATALOG_COMPILER_APPICON_NAME = AppIcon;
				CODE_SIGN_STYLE = Automatic;
				DEVELOPMENT_TEAM = 462J77AUG2;
				INFOPLIST_FILE = CurrencyConverter/Info.plist;
				IPHONEOS_DEPLOYMENT_TARGET = 13.0;
				LD_RUNPATH_SEARCH_PATHS = (
					"$(inherited)",
					"@executable_path/Frameworks",
				);
				PRODUCT_BUNDLE_IDENTIFIER = me.timneal.CurrencyConverter;
				PRODUCT_NAME = "$(TARGET_NAME)";
				SWIFT_VERSION = 5.0;
				TARGETED_DEVICE_FAMILY = 1;
			};
			name = Debug;
		};
		2675AD88260D634A000360AA /* Release */ = {
			isa = XCBuildConfiguration;
			buildSettings = {
				ASSETCATALOG_COMPILER_APPICON_NAME = AppIcon;
				CODE_SIGN_STYLE = Automatic;
				DEVELOPMENT_TEAM = 462J77AUG2;
				INFOPLIST_FILE = CurrencyConverter/Info.plist;
				IPHONEOS_DEPLOYMENT_TARGET = 13.0;
				LD_RUNPATH_SEARCH_PATHS = (
					"$(inherited)",
					"@executable_path/Frameworks",
				);
				PRODUCT_BUNDLE_IDENTIFIER = me.timneal.CurrencyConverter;
				PRODUCT_NAME = "$(TARGET_NAME)";
				SWIFT_VERSION = 5.0;
				TARGETED_DEVICE_FAMILY = 1;
			};
			name = Release;
		};
/* End XCBuildConfiguration section */

/* Begin XCConfigurationList section */
		2675AD6D260D6347000360AA /* Build configuration list for PBXProject "CurrencyConverter" */ = {
			isa = XCConfigurationList;
			buildConfigurations = (
				2675AD84260D634A000360AA /* Debug */,
				2675AD85260D634A000360AA /* Release */,
			);
			defaultConfigurationIsVisible = 0;
			defaultConfigurationName = Release;
		};
		2675AD86260D634A000360AA /* Build configuration list for PBXNativeTarget "CurrencyConverter" */ = {
			isa = XCConfigurationList;
			buildConfigurations = (
				2675AD87260D634A000360AA /* Debug */,
				2675AD88260D634A000360AA /* Release */,
			);
			defaultConfigurationIsVisible = 0;
			defaultConfigurationName = Release;
		};
/* End XCConfigurationList section */

/* Begin XCVersionGroup section */
		26422DE9261683A90016E5C4 /* CurrencyDataModel.xcdatamodeld */ = {
			isa = XCVersionGroup;
			children = (
				26422DEA261683A90016E5C4 /* CurrencyDataModel.xcdatamodel */,
			);
			currentVersion = 26422DEA261683A90016E5C4 /* CurrencyDataModel.xcdatamodel */;
			path = CurrencyDataModel.xcdatamodeld;
			sourceTree = "<group>";
			versionGroupType = wrapper.xcdatamodel;
		};
/* End XCVersionGroup section */
	};
	rootObject = 2675AD6A260D6347000360AA /* Project object */;
}
